
Microsoft Visual Studio Solution File, Format Version 12.00
# Visual Studio Version 17
VisualStudioVersion = 17.2.32630.192
MinimumVisualStudioVersion = 10.0.40219.1
Project("{9A19103F-16F7-4668-BE54-9A1E7A4F7556}") = "Identity.Identity", "Identity.Identity\Identity.Identity.csproj", "{7BE88C85-2A58-489A-A820-E03A5AB2085D}"
EndProject
Project("{FAE04EC0-301F-11D3-BF4B-00C04F79EFBC}") = "Identity.Api", "Identity.Api\Identity.Api.csproj", "{838A6D81-EEC9-4B1F-96D9-F475C2C02BF3}"
EndProject
Project("{FAE04EC0-301F-11D3-BF4B-00C04F79EFBC}") = "Identity.Client", "Identity.Client\Identity.Client.csproj", "{65AB0378-CD09-49EC-88A9-C28EEBBE220F}"
EndProject
Global
	GlobalSection(SolutionConfigurationPlatforms) = preSolution
		Debug|Any CPU = Debug|Any CPU
		Release|Any CPU = Release|Any CPU
	EndGlobalSection
	GlobalSection(ProjectConfigurationPlatforms) = postSolution
		{7BE88C85-2A58-489A-A820-E03A5AB2085D}.Debug|Any CPU.ActiveCfg = Debug|Any CPU
		{7BE88C85-2A58-489A-A820-E03A5AB2085D}.Debug|Any CPU.Build.0 = Debug|Any CPU
		{7BE88C85-2A58-489A-A820-E03A5AB2085D}.Release|Any CPU.ActiveCfg = Release|Any CPU
		{7BE88C85-2A58-489A-A820-E03A5AB2085D}.Release|Any CPU.Build.0 = Release|Any CPU
		{838A6D81-EEC9-4B1F-96D9-F475C2C02BF3}.Debug|Any CPU.ActiveCfg = Debug|Any CPU
		{838A6D81-EEC9-4B1F-96D9-F475C2C02BF3}.Debug|Any CPU.Build.0 = Debug|Any CPU
		{838A6D81-EEC9-4B1F-96D9-F475C2C02BF3}.Release|Any CPU.ActiveCfg = Release|Any CPU
		{838A6D81-EEC9-4B1F-96D9-F475C2C02BF3}.Release|Any CPU.Build.0 = Release|Any CPU
		{65AB0378-CD09-49EC-88A9-C28EEBBE220F}.Debug|Any CPU.ActiveCfg = Debug|Any CPU
		{65AB0378-CD09-49EC-88A9-C28EEBBE220F}.Debug|Any CPU.Build.0 = Debug|Any CPU
		{65AB0378-CD09-49EC-88A9-C28EEBBE220F}.Release|Any CPU.ActiveCfg = Release|Any CPU
		{65AB0378-CD09-49EC-88A9-C28EEBBE220F}.Release|Any CPU.Build.0 = Release|Any CPU
	EndGlobalSection
	GlobalSection(SolutionProperties) = preSolution
		HideSolutionNode = FALSE
	EndGlobalSection
	GlobalSection(ExtensibilityGlobals) = postSolution
		SolutionGuid = {059607AB-80B8-4AC7-99D8-DEFBFA45263A}
	EndGlobalSection
EndGlobal
